
Microsoft Visual Studio Solution File, Format Version 12.00
# Visual Studio Version 16
VisualStudioVersion = 16.0.30711.63
MinimumVisualStudioVersion = 10.0.40219.1
Project("{FAE04EC0-301F-11D3-BF4B-00C04F79EFBC}") = "UnitTestDefault", "UnitTestDefault\UnitTestDefault.csproj", "{C2427AF5-F373-4CD4-8A23-BEACC94E8FF7}"
EndProject
Project("{FAE04EC0-301F-11D3-BF4B-00C04F79EFBC}") = "SharedProject", "SharedProject\SharedProject.csproj", "{9E919B8E-87F4-47BE-80AF-977C8F7696EA}"
EndProject
Project("{FAE04EC0-301F-11D3-BF4B-00C04F79EFBC}") = "NUnitTestCore", "NUnitTestCore\NUnitTestCore.csproj", "{65F73205-3C5D-4A2C-8466-B1CBBEAAC2E6}"
EndProject
Global
	GlobalSection(SolutionConfigurationPlatforms) = preSolution
		Debug|Any CPU = Debug|Any CPU
		Release|Any CPU = Release|Any CPU
	EndGlobalSection
	GlobalSection(ProjectConfigurationPlatforms) = postSolution
		{C2427AF5-F373-4CD4-8A23-BEACC94E8FF7}.Debug|Any CPU.ActiveCfg = Debug|Any CPU
		{C2427AF5-F373-4CD4-8A23-BEACC94E8FF7}.Debug|Any CPU.Build.0 = Debug|Any CPU
		{C2427AF5-F373-4CD4-8A23-BEACC94E8FF7}.Release|Any CPU.ActiveCfg = Release|Any CPU
		{C2427AF5-F373-4CD4-8A23-BEACC94E8FF7}.Release|Any CPU.Build.0 = Release|Any CPU
		{9E919B8E-87F4-47BE-80AF-977C8F7696EA}.Debug|Any CPU.ActiveCfg = Debug|Any CPU
		{9E919B8E-87F4-47BE-80AF-977C8F7696EA}.Debug|Any CPU.Build.0 = Debug|Any CPU
		{9E919B8E-87F4-47BE-80AF-977C8F7696EA}.Release|Any CPU.ActiveCfg = Release|Any CPU
		{9E919B8E-87F4-47BE-80AF-977C8F7696EA}.Release|Any CPU.Build.0 = Release|Any CPU
		{65F73205-3C5D-4A2C-8466-B1CBBEAAC2E6}.Debug|Any CPU.ActiveCfg = Debug|Any CPU
		{65F73205-3C5D-4A2C-8466-B1CBBEAAC2E6}.Debug|Any CPU.Build.0 = Debug|Any CPU
		{65F73205-3C5D-4A2C-8466-B1CBBEAAC2E6}.Release|Any CPU.ActiveCfg = Release|Any CPU
		{65F73205-3C5D-4A2C-8466-B1CBBEAAC2E6}.Release|Any CPU.Build.0 = Release|Any CPU
	EndGlobalSection
	GlobalSection(SolutionProperties) = preSolution
		HideSolutionNode = FALSE
	EndGlobalSection
	GlobalSection(ExtensibilityGlobals) = postSolution
		SolutionGuid = {EB14FB38-A3A6-41B0-8ED6-874004D255F4}
	EndGlobalSection
EndGlobal
